
Microsoft Visual Studio Solution File, Format Version 12.00
# Visual Studio 15
VisualStudioVersion = 15.0.28010.2026
MinimumVisualStudioVersion = 10.0.40219.1
Project("{FAE04EC0-301F-11D3-BF4B-00C04F79EFBC}") = "Kutuphane", "Kutuphane\Kutuphane.csproj", "{D95239C6-A05D-418A-A275-A15B0CBECDF8}"
EndProject
Global
	GlobalSection(SolutionConfigurationPlatforms) = preSolution
		Debug|Any CPU = Debug|Any CPU
		Release|Any CPU = Release|Any CPU
	EndGlobalSection
	GlobalSection(ProjectConfigurationPlatforms) = postSolution
		{D95239C6-A05D-418A-A275-A15B0CBECDF8}.Debug|Any CPU.ActiveCfg = Debug|Any CPU
		{D95239C6-A05D-418A-A275-A15B0CBECDF8}.Debug|Any CPU.Build.0 = Debug|Any CPU
		{D95239C6-A05D-418A-A275-A15B0CBECDF8}.Release|Any CPU.ActiveCfg = Release|Any CPU
		{D95239C6-A05D-418A-A275-A15B0CBECDF8}.Release|Any CPU.Build.0 = Release|Any CPU
	EndGlobalSection
	GlobalSection(SolutionProperties) = preSolution
		HideSolutionNode = FALSE
	EndGlobalSection
	GlobalSection(ExtensibilityGlobals) = postSolution
		SolutionGuid = {9890F348-4B19-4EF1-85CD-2F5B40CB9F4C}
	EndGlobalSection
EndGlobal
